
Microsoft Visual Studio Solution File, Format Version 12.00
# Visual Studio Version 17
VisualStudioVersion = 17.11.35312.102
MinimumVisualStudioVersion = 10.0.40219.1
Project("{FAE04EC0-301F-11D3-BF4B-00C04F79EFBC}") = "MongoAPI", "MongoAPI.csproj", "{3F9C9420-9D8B-4F06-B4B6-E1696ED4AAAD}"
EndProject
Global
	GlobalSection(SolutionConfigurationPlatforms) = preSolution
		Debug|Any CPU = Debug|Any CPU
		Release|Any CPU = Release|Any CPU
	EndGlobalSection
	GlobalSection(ProjectConfigurationPlatforms) = postSolution
		{3F9C9420-9D8B-4F06-B4B6-E1696ED4AAAD}.Debug|Any CPU.ActiveCfg = Debug|Any CPU
		{3F9C9420-9D8B-4F06-B4B6-E1696ED4AAAD}.Debug|Any CPU.Build.0 = Debug|Any CPU
		{3F9C9420-9D8B-4F06-B4B6-E1696ED4AAAD}.Release|Any CPU.ActiveCfg = Release|Any CPU
		{3F9C9420-9D8B-4F06-B4B6-E1696ED4AAAD}.Release|Any CPU.Build.0 = Release|Any CPU
	EndGlobalSection
	GlobalSection(SolutionProperties) = preSolution
		HideSolutionNode = FALSE
	EndGlobalSection
	GlobalSection(ExtensibilityGlobals) = postSolution
		SolutionGuid = {EC7716EF-CACB-4FBA-9256-E428DD7FD5AE}
	EndGlobalSection
EndGlobal
